
Microsoft Visual Studio Solution File, Format Version 12.00
# Visual Studio 2013
VisualStudioVersion = 12.0.21005.1
MinimumVisualStudioVersion = 10.0.40219.1
Project("{FAE04EC0-301F-11D3-BF4B-00C04F79EFBC}") = "VersionOne.SDK.APIClient", "APIClient\VersionOne.SDK.APIClient.csproj", "{B5062999-ADF0-4F51-A0D2-449C9A344804}"
EndProject
Project("{2150E333-8FDC-42A3-9474-1A3956D46DE8}") = ".nuget", ".nuget", "{FA7DD697-9956-471D-969F-F6BE37F4C59F}"
	ProjectSection(SolutionItems) = preProject
		.nuget\NuGet.Config = .nuget\NuGet.Config
		.nuget\NuGet.exe = .nuget\NuGet.exe
		.nuget\packages.config = .nuget\packages.config
	EndProjectSection
EndProject
Project("{FAE04EC0-301F-11D3-BF4B-00C04F79EFBC}") = "VersionOne.SDK.APIClient.LegacyIntegrationTests", "APIClient.LegacyIntegrationTests\VersionOne.SDK.APIClient.LegacyIntegrationTests.csproj", "{089CB065-942E-4408-A02A-6F24449ED080}"
EndProject
Project("{FAE04EC0-301F-11D3-BF4B-00C04F79EFBC}") = "VersionOne.SDK.MSTestExtensions", "MSTestExtensions\VersionOne.SDK.MSTestExtensions.csproj", "{97C810F7-149B-4C9B-8D5A-87C050EB2F80}"
EndProject
Project("{FAE04EC0-301F-11D3-BF4B-00C04F79EFBC}") = "VersionOne.SDK.APIClient.DocumentationTests", "APIClient.DocumentationTests\VersionOne.SDK.APIClient.DocumentationTests.csproj", "{D5F38D94-3E0C-4DE2-81D5-38C383E2C21F}"
EndProject
Project("{FAE04EC0-301F-11D3-BF4B-00C04F79EFBC}") = "VersionOne.SDK.APIClient.Tests", "VersionOne.SDK.APIClient.Tests\VersionOne.SDK.APIClient.Tests.csproj", "{6FC59937-44A3-43DA-B399-DCE41F64813C}"
EndProject
Project("{FAE04EC0-301F-11D3-BF4B-00C04F79EFBC}") = "VersionOne.SDK.APIClient.IntegrationTests", "VersionOne.SDK.APIClient.IntegrationTests\VersionOne.SDK.APIClient.IntegrationTests.csproj", "{9DAF5746-8EED-4749-BE25-85FEEA949D71}"
EndProject
Global
	GlobalSection(SolutionConfigurationPlatforms) = preSolution
		Debug|Any CPU = Debug|Any CPU
		Debug|Mixed Platforms = Debug|Mixed Platforms
		Debug|x86 = Debug|x86
		Release|Any CPU = Release|Any CPU
		Release|Mixed Platforms = Release|Mixed Platforms
		Release|x86 = Release|x86
		ReleaseWithDebug|Any CPU = ReleaseWithDebug|Any CPU
		ReleaseWithDebug|Mixed Platforms = ReleaseWithDebug|Mixed Platforms
		ReleaseWithDebug|x86 = ReleaseWithDebug|x86
	EndGlobalSection
	GlobalSection(ProjectConfigurationPlatforms) = postSolution
		{B5062999-ADF0-4F51-A0D2-449C9A344804}.Debug|Any CPU.ActiveCfg = Debug|Any CPU
		{B5062999-ADF0-4F51-A0D2-449C9A344804}.Debug|Any CPU.Build.0 = Debug|Any CPU
		{B5062999-ADF0-4F51-A0D2-449C9A344804}.Debug|Mixed Platforms.ActiveCfg = Debug|Any CPU
		{B5062999-ADF0-4F51-A0D2-449C9A344804}.Debug|Mixed Platforms.Build.0 = Debug|Any CPU
		{B5062999-ADF0-4F51-A0D2-449C9A344804}.Debug|x86.ActiveCfg = Debug|Any CPU
		{B5062999-ADF0-4F51-A0D2-449C9A344804}.Release|Any CPU.ActiveCfg = Release|Any CPU
		{B5062999-ADF0-4F51-A0D2-449C9A344804}.Release|Any CPU.Build.0 = Release|Any CPU
		{B5062999-ADF0-4F51-A0D2-449C9A344804}.Release|Mixed Platforms.ActiveCfg = Release|Any CPU
		{B5062999-ADF0-4F51-A0D2-449C9A344804}.Release|Mixed Platforms.Build.0 = Release|Any CPU
		{B5062999-ADF0-4F51-A0D2-449C9A344804}.Release|x86.ActiveCfg = Release|Any CPU
		{B5062999-ADF0-4F51-A0D2-449C9A344804}.ReleaseWithDebug|Any CPU.ActiveCfg = ReleaseWithDebug|Any CPU
		{B5062999-ADF0-4F51-A0D2-449C9A344804}.ReleaseWithDebug|Any CPU.Build.0 = ReleaseWithDebug|Any CPU
		{B5062999-ADF0-4F51-A0D2-449C9A344804}.ReleaseWithDebug|Mixed Platforms.ActiveCfg = ReleaseWithDebug|Any CPU
		{B5062999-ADF0-4F51-A0D2-449C9A344804}.ReleaseWithDebug|Mixed Platforms.Build.0 = ReleaseWithDebug|Any CPU
		{B5062999-ADF0-4F51-A0D2-449C9A344804}.ReleaseWithDebug|x86.ActiveCfg = ReleaseWithDebug|Any CPU
		{089CB065-942E-4408-A02A-6F24449ED080}.Debug|Any CPU.ActiveCfg = Debug|Any CPU
		{089CB065-942E-4408-A02A-6F24449ED080}.Debug|Any CPU.Build.0 = Debug|Any CPU
		{089CB065-942E-4408-A02A-6F24449ED080}.Debug|Mixed Platforms.ActiveCfg = Debug|Any CPU
		{089CB065-942E-4408-A02A-6F24449ED080}.Debug|Mixed Platforms.Build.0 = Debug|Any CPU
		{089CB065-942E-4408-A02A-6F24449ED080}.Debug|x86.ActiveCfg = Debug|Any CPU
		{089CB065-942E-4408-A02A-6F24449ED080}.Release|Any CPU.ActiveCfg = Release|Any CPU
		{089CB065-942E-4408-A02A-6F24449ED080}.Release|Any CPU.Build.0 = Release|Any CPU
		{089CB065-942E-4408-A02A-6F24449ED080}.Release|Mixed Platforms.ActiveCfg = Release|Any CPU
		{089CB065-942E-4408-A02A-6F24449ED080}.Release|Mixed Platforms.Build.0 = Release|Any CPU
		{089CB065-942E-4408-A02A-6F24449ED080}.Release|x86.ActiveCfg = Release|Any CPU
		{089CB065-942E-4408-A02A-6F24449ED080}.ReleaseWithDebug|Any CPU.ActiveCfg = Release|Any CPU
		{089CB065-942E-4408-A02A-6F24449ED080}.ReleaseWithDebug|Any CPU.Build.0 = Release|Any CPU
		{089CB065-942E-4408-A02A-6F24449ED080}.ReleaseWithDebug|Mixed Platforms.ActiveCfg = Release|Any CPU
		{089CB065-942E-4408-A02A-6F24449ED080}.ReleaseWithDebug|Mixed Platforms.Build.0 = Release|Any CPU
		{089CB065-942E-4408-A02A-6F24449ED080}.ReleaseWithDebug|x86.ActiveCfg = Release|Any CPU
		{97C810F7-149B-4C9B-8D5A-87C050EB2F80}.Debug|Any CPU.ActiveCfg = Debug|Any CPU
		{97C810F7-149B-4C9B-8D5A-87C050EB2F80}.Debug|Any CPU.Build.0 = Debug|Any CPU
		{97C810F7-149B-4C9B-8D5A-87C050EB2F80}.Debug|Mixed Platforms.ActiveCfg = Debug|Any CPU
		{97C810F7-149B-4C9B-8D5A-87C050EB2F80}.Debug|Mixed Platforms.Build.0 = Debug|Any CPU
		{97C810F7-149B-4C9B-8D5A-87C050EB2F80}.Debug|x86.ActiveCfg = Debug|Any CPU
		{97C810F7-149B-4C9B-8D5A-87C050EB2F80}.Release|Any CPU.ActiveCfg = Release|Any CPU
		{97C810F7-149B-4C9B-8D5A-87C050EB2F80}.Release|Any CPU.Build.0 = Release|Any CPU
		{97C810F7-149B-4C9B-8D5A-87C050EB2F80}.Release|Mixed Platforms.ActiveCfg = Release|Any CPU
		{97C810F7-149B-4C9B-8D5A-87C050EB2F80}.Release|Mixed Platforms.Build.0 = Release|Any CPU
		{97C810F7-149B-4C9B-8D5A-87C050EB2F80}.Release|x86.ActiveCfg = Release|Any CPU
		{97C810F7-149B-4C9B-8D5A-87C050EB2F80}.ReleaseWithDebug|Any CPU.ActiveCfg = Release|Any CPU
		{97C810F7-149B-4C9B-8D5A-87C050EB2F80}.ReleaseWithDebug|Any CPU.Build.0 = Release|Any CPU
		{97C810F7-149B-4C9B-8D5A-87C050EB2F80}.ReleaseWithDebug|Mixed Platforms.ActiveCfg = Release|Any CPU
		{97C810F7-149B-4C9B-8D5A-87C050EB2F80}.ReleaseWithDebug|Mixed Platforms.Build.0 = Release|Any CPU
		{97C810F7-149B-4C9B-8D5A-87C050EB2F80}.ReleaseWithDebug|x86.ActiveCfg = Release|Any CPU
		{D5F38D94-3E0C-4DE2-81D5-38C383E2C21F}.Debug|Any CPU.ActiveCfg = Debug|Any CPU
		{D5F38D94-3E0C-4DE2-81D5-38C383E2C21F}.Debug|Any CPU.Build.0 = Debug|Any CPU
		{D5F38D94-3E0C-4DE2-81D5-38C383E2C21F}.Debug|Mixed Platforms.ActiveCfg = Debug|Any CPU
		{D5F38D94-3E0C-4DE2-81D5-38C383E2C21F}.Debug|Mixed Platforms.Build.0 = Debug|Any CPU
		{D5F38D94-3E0C-4DE2-81D5-38C383E2C21F}.Debug|x86.ActiveCfg = Debug|Any CPU
		{D5F38D94-3E0C-4DE2-81D5-38C383E2C21F}.Release|Any CPU.ActiveCfg = Release|Any CPU
		{D5F38D94-3E0C-4DE2-81D5-38C383E2C21F}.Release|Any CPU.Build.0 = Release|Any CPU
		{D5F38D94-3E0C-4DE2-81D5-38C383E2C21F}.Release|Mixed Platforms.ActiveCfg = Release|Any CPU
		{D5F38D94-3E0C-4DE2-81D5-38C383E2C21F}.Release|Mixed Platforms.Build.0 = Release|Any CPU
		{D5F38D94-3E0C-4DE2-81D5-38C383E2C21F}.Release|x86.ActiveCfg = Release|Any CPU
		{D5F38D94-3E0C-4DE2-81D5-38C383E2C21F}.ReleaseWithDebug|Any CPU.ActiveCfg = Release|Any CPU
		{D5F38D94-3E0C-4DE2-81D5-38C383E2C21F}.ReleaseWithDebug|Any CPU.Build.0 = Release|Any CPU
		{D5F38D94-3E0C-4DE2-81D5-38C383E2C21F}.ReleaseWithDebug|Mixed Platforms.ActiveCfg = Release|Any CPU
		{D5F38D94-3E0C-4DE2-81D5-38C383E2C21F}.ReleaseWithDebug|Mixed Platforms.Build.0 = Release|Any CPU
		{D5F38D94-3E0C-4DE2-81D5-38C383E2C21F}.ReleaseWithDebug|x86.ActiveCfg = Release|Any CPU
		{6FC59937-44A3-43DA-B399-DCE41F64813C}.Debug|Any CPU.ActiveCfg = Debug|Any CPU
		{6FC59937-44A3-43DA-B399-DCE41F64813C}.Debug|Any CPU.Build.0 = Debug|Any CPU
		{6FC59937-44A3-43DA-B399-DCE41F64813C}.Debug|Mixed Platforms.ActiveCfg = Debug|Any CPU
		{6FC59937-44A3-43DA-B399-DCE41F64813C}.Debug|Mixed Platforms.Build.0 = Debug|Any CPU
		{6FC59937-44A3-43DA-B399-DCE41F64813C}.Debug|x86.ActiveCfg = Debug|Any CPU
		{6FC59937-44A3-43DA-B399-DCE41F64813C}.Release|Any CPU.ActiveCfg = Release|Any CPU
		{6FC59937-44A3-43DA-B399-DCE41F64813C}.Release|Any CPU.Build.0 = Release|Any CPU
		{6FC59937-44A3-43DA-B399-DCE41F64813C}.Release|Mixed Platforms.ActiveCfg = Release|Any CPU
		{6FC59937-44A3-43DA-B399-DCE41F64813C}.Release|Mixed Platforms.Build.0 = Release|Any CPU
		{6FC59937-44A3-43DA-B399-DCE41F64813C}.Release|x86.ActiveCfg = Release|Any CPU
		{6FC59937-44A3-43DA-B399-DCE41F64813C}.ReleaseWithDebug|Any CPU.ActiveCfg = Release|Any CPU
		{6FC59937-44A3-43DA-B399-DCE41F64813C}.ReleaseWithDebug|Any CPU.Build.0 = Release|Any CPU
		{6FC59937-44A3-43DA-B399-DCE41F64813C}.ReleaseWithDebug|Mixed Platforms.ActiveCfg = Release|Any CPU
		{6FC59937-44A3-43DA-B399-DCE41F64813C}.ReleaseWithDebug|Mixed Platforms.Build.0 = Release|Any CPU
		{6FC59937-44A3-43DA-B399-DCE41F64813C}.ReleaseWithDebug|x86.ActiveCfg = Release|Any CPU
		{9DAF5746-8EED-4749-BE25-85FEEA949D71}.Debug|Any CPU.ActiveCfg = Debug|Any CPU
		{9DAF5746-8EED-4749-BE25-85FEEA949D71}.Debug|Any CPU.Build.0 = Debug|Any CPU
		{9DAF5746-8EED-4749-BE25-85FEEA949D71}.Debug|Mixed Platforms.ActiveCfg = Debug|Any CPU
		{9DAF5746-8EED-4749-BE25-85FEEA949D71}.Debug|Mixed Platforms.Build.0 = Debug|Any CPU
		{9DAF5746-8EED-4749-BE25-85FEEA949D71}.Debug|x86.ActiveCfg = Debug|Any CPU
		{9DAF5746-8EED-4749-BE25-85FEEA949D71}.Release|Any CPU.ActiveCfg = Release|Any CPU
		{9DAF5746-8EED-4749-BE25-85FEEA949D71}.Release|Any CPU.Build.0 = Release|Any CPU
		{9DAF5746-8EED-4749-BE25-85FEEA949D71}.Release|Mixed Platforms.ActiveCfg = Release|Any CPU
		{9DAF5746-8EED-4749-BE25-85FEEA949D71}.Release|Mixed Platforms.Build.0 = Release|Any CPU
		{9DAF5746-8EED-4749-BE25-85FEEA949D71}.Release|x86.ActiveCfg = Release|Any CPU
		{9DAF5746-8EED-4749-BE25-85FEEA949D71}.ReleaseWithDebug|Any CPU.ActiveCfg = Release|Any CPU
		{9DAF5746-8EED-4749-BE25-85FEEA949D71}.ReleaseWithDebug|Any CPU.Build.0 = Release|Any CPU
		{9DAF5746-8EED-4749-BE25-85FEEA949D71}.ReleaseWithDebug|Mixed Platforms.ActiveCfg = Release|Any CPU
		{9DAF5746-8EED-4749-BE25-85FEEA949D71}.ReleaseWithDebug|Mixed Platforms.Build.0 = Release|Any CPU
		{9DAF5746-8EED-4749-BE25-85FEEA949D71}.ReleaseWithDebug|x86.ActiveCfg = Release|Any CPU
	EndGlobalSection
	GlobalSection(SolutionProperties) = preSolution
		HideSolutionNode = FALSE
	EndGlobalSection
EndGlobal
